
Microsoft Visual Studio Solution File, Format Version 12.00
# Visual Studio Version 17
VisualStudioVersion = 17.13.35825.156 d17.13
MinimumVisualStudioVersion = 10.0.40219.1
Project("{8BC9CEB8-8B4A-11D0-8D11-00A0C91BC942}") = "Doubly Linked List", "Doubly Linked List\Doubly Linked List.vcxproj", "{AACEE059-CEA0-456F-95AF-E1D1BFC348DF}"
EndProject
Global
	GlobalSection(SolutionConfigurationPlatforms) = preSolution
		Debug|x64 = Debug|x64
		Debug|x86 = Debug|x86
		Release|x64 = Release|x64
		Release|x86 = Release|x86
	EndGlobalSection
	GlobalSection(ProjectConfigurationPlatforms) = postSolution
		{AACEE059-CEA0-456F-95AF-E1D1BFC348DF}.Debug|x64.ActiveCfg = Debug|x64
		{AACEE059-CEA0-456F-95AF-E1D1BFC348DF}.Debug|x64.Build.0 = Debug|x64
		{AACEE059-CEA0-456F-95AF-E1D1BFC348DF}.Debug|x86.ActiveCfg = Debug|Win32
		{AACEE059-CEA0-456F-95AF-E1D1BFC348DF}.Debug|x86.Build.0 = Debug|Win32
		{AACEE059-CEA0-456F-95AF-E1D1BFC348DF}.Release|x64.ActiveCfg = Release|x64
		{AACEE059-CEA0-456F-95AF-E1D1BFC348DF}.Release|x64.Build.0 = Release|x64
		{AACEE059-CEA0-456F-95AF-E1D1BFC348DF}.Release|x86.ActiveCfg = Release|Win32
		{AACEE059-CEA0-456F-95AF-E1D1BFC348DF}.Release|x86.Build.0 = Release|Win32
	EndGlobalSection
	GlobalSection(SolutionProperties) = preSolution
		HideSolutionNode = FALSE
	EndGlobalSection
	GlobalSection(ExtensibilityGlobals) = postSolution
		SolutionGuid = {99365F94-83C1-49EF-A42D-BE613EB4F2CC}
	EndGlobalSection
EndGlobal
