
Microsoft Visual Studio Solution File, Format Version 12.00
# Visual Studio Version 17
VisualStudioVersion = 17.13.35825.156 d17.13
MinimumVisualStudioVersion = 10.0.40219.1
Project("{8BC9CEB8-8B4A-11D0-8D11-00A0C91BC942}") = "Adj List Graph", "Adj List Graph\Adj List Graph.vcxproj", "{8A6F219A-0426-46B4-87B2-643873785DB3}"
EndProject
Global
	GlobalSection(SolutionConfigurationPlatforms) = preSolution
		Debug|x64 = Debug|x64
		Debug|x86 = Debug|x86
		Release|x64 = Release|x64
		Release|x86 = Release|x86
	EndGlobalSection
	GlobalSection(ProjectConfigurationPlatforms) = postSolution
		{8A6F219A-0426-46B4-87B2-643873785DB3}.Debug|x64.ActiveCfg = Debug|x64
		{8A6F219A-0426-46B4-87B2-643873785DB3}.Debug|x64.Build.0 = Debug|x64
		{8A6F219A-0426-46B4-87B2-643873785DB3}.Debug|x86.ActiveCfg = Debug|Win32
		{8A6F219A-0426-46B4-87B2-643873785DB3}.Debug|x86.Build.0 = Debug|Win32
		{8A6F219A-0426-46B4-87B2-643873785DB3}.Release|x64.ActiveCfg = Release|x64
		{8A6F219A-0426-46B4-87B2-643873785DB3}.Release|x64.Build.0 = Release|x64
		{8A6F219A-0426-46B4-87B2-643873785DB3}.Release|x86.ActiveCfg = Release|Win32
		{8A6F219A-0426-46B4-87B2-643873785DB3}.Release|x86.Build.0 = Release|Win32
	EndGlobalSection
	GlobalSection(SolutionProperties) = preSolution
		HideSolutionNode = FALSE
	EndGlobalSection
	GlobalSection(ExtensibilityGlobals) = postSolution
		SolutionGuid = {C6337FC6-A6D6-4F17-8224-CE2CA0493D69}
	EndGlobalSection
EndGlobal
